
Microsoft Visual Studio Solution File, Format Version 12.00
# Visual Studio 15
VisualStudioVersion = 15.0.28010.2050
MinimumVisualStudioVersion = 10.0.40219.1
Project("{9A19103F-16F7-4668-BE54-9A1E7A4F7556}") = "ravi.learn.rmq.con.direct", "ravi.learn.rmq.con.direct\ravi.learn.rmq.con.direct.csproj", "{4FA49F17-1FB3-43D8-BCA1-6477A29B6A74}"
EndProject
Project("{9A19103F-16F7-4668-BE54-9A1E7A4F7556}") = "ravi.learn.rmq.pub.direct", "ravi.learn.rmq.pub.direct\ravi.learn.rmq.pub.direct.csproj", "{1FF060A6-52B3-4641-90E2-D9D6645EB7BE}"
EndProject
Global
	GlobalSection(SolutionConfigurationPlatforms) = preSolution
		Debug|Any CPU = Debug|Any CPU
		Release|Any CPU = Release|Any CPU
	EndGlobalSection
	GlobalSection(ProjectConfigurationPlatforms) = postSolution
		{4FA49F17-1FB3-43D8-BCA1-6477A29B6A74}.Debug|Any CPU.ActiveCfg = Debug|Any CPU
		{4FA49F17-1FB3-43D8-BCA1-6477A29B6A74}.Debug|Any CPU.Build.0 = Debug|Any CPU
		{4FA49F17-1FB3-43D8-BCA1-6477A29B6A74}.Release|Any CPU.ActiveCfg = Release|Any CPU
		{4FA49F17-1FB3-43D8-BCA1-6477A29B6A74}.Release|Any CPU.Build.0 = Release|Any CPU
		{1FF060A6-52B3-4641-90E2-D9D6645EB7BE}.Debug|Any CPU.ActiveCfg = Debug|Any CPU
		{1FF060A6-52B3-4641-90E2-D9D6645EB7BE}.Debug|Any CPU.Build.0 = Debug|Any CPU
		{1FF060A6-52B3-4641-90E2-D9D6645EB7BE}.Release|Any CPU.ActiveCfg = Release|Any CPU
		{1FF060A6-52B3-4641-90E2-D9D6645EB7BE}.Release|Any CPU.Build.0 = Release|Any CPU
	EndGlobalSection
	GlobalSection(SolutionProperties) = preSolution
		HideSolutionNode = FALSE
	EndGlobalSection
	GlobalSection(ExtensibilityGlobals) = postSolution
		SolutionGuid = {61692820-D625-488A-A350-F6AD971CBABA}
	EndGlobalSection
EndGlobal
